
Microsoft Visual Studio Solution File, Format Version 12.00
# Visual Studio Version 16
VisualStudioVersion = 16.0.31205.134
MinimumVisualStudioVersion = 10.0.40219.1
Project("{FAE04EC0-301F-11D3-BF4B-00C04F79EFBC}") = "Checkout", "Checkout\Checkout.csproj", "{4A8B282A-49BD-44C6-B694-FDC87D4B44F8}"
EndProject
Global
	GlobalSection(SolutionConfigurationPlatforms) = preSolution
		Debug|Any CPU = Debug|Any CPU
		Release|Any CPU = Release|Any CPU
	EndGlobalSection
	GlobalSection(ProjectConfigurationPlatforms) = postSolution
		{4A8B282A-49BD-44C6-B694-FDC87D4B44F8}.Debug|Any CPU.ActiveCfg = Debug|Any CPU
		{4A8B282A-49BD-44C6-B694-FDC87D4B44F8}.Debug|Any CPU.Build.0 = Debug|Any CPU
		{4A8B282A-49BD-44C6-B694-FDC87D4B44F8}.Release|Any CPU.ActiveCfg = Release|Any CPU
		{4A8B282A-49BD-44C6-B694-FDC87D4B44F8}.Release|Any CPU.Build.0 = Release|Any CPU
	EndGlobalSection
	GlobalSection(SolutionProperties) = preSolution
		HideSolutionNode = FALSE
	EndGlobalSection
	GlobalSection(ExtensibilityGlobals) = postSolution
		SolutionGuid = {5C8F01B0-D672-4F29-BE8B-14F314D58F44}
	EndGlobalSection
EndGlobal
